
Microsoft Visual Studio Solution File, Format Version 12.00
# Visual Studio Version 17
VisualStudioVersion = 17.0.31903.59
MinimumVisualStudioVersion = 10.0.40219.1
Project("{FAE04EC0-301F-11D3-BF4B-00C04F79EFBC}") = "Geo.Python", "Geo.Python\Geo.Python.csproj", "{D43F524B-BA2A-4C23-9303-4EFC07F34A81}"
EndProject
Project("{FAE04EC0-301F-11D3-BF4B-00C04F79EFBC}") = "Geo", "Geo\Geo.csproj", "{1536D896-0257-4439-BE86-A49846DE3685}"
EndProject
Project("{FAE04EC0-301F-11D3-BF4B-00C04F79EFBC}") = "CSG", "CSG\CSG.csproj", "{B8B08DE9-F834-456D-B089-39B3B2FDCB45}"
EndProject
Project("{FAE04EC0-301F-11D3-BF4B-00C04F79EFBC}") = "GeoCore", "GeoCore\GeoCore.csproj", "{EBAB386B-A834-4C63-9804-74E84D5BADDD}"
EndProject
Project("{FAE04EC0-301F-11D3-BF4B-00C04F79EFBC}") = "RationalNumbers", "RationalNumbers\RationalNumbers.csproj", "{9A94395C-FBDF-43A4-9104-5DD1CC0F68DC}"
EndProject
Project("{FAE04EC0-301F-11D3-BF4B-00C04F79EFBC}") = "Triangulation", "Triangulation\Triangulation.csproj", "{F0271EB8-8AE3-42BB-9AF9-82091E5586F6}"
EndProject
Project("{FAE04EC0-301F-11D3-BF4B-00C04F79EFBC}") = "Curves", "Curves\Curves.csproj", "{FC521524-4D5A-4FEB-8C7C-7291FD2EB785}"
EndProject
Project("{FAE04EC0-301F-11D3-BF4B-00C04F79EFBC}") = "GeoMeta", "GeoMeta\GeoMeta.csproj", "{5F44309D-C78B-46E7-80E1-4B077A01A2FB}"
EndProject
Project("{FAE04EC0-301F-11D3-BF4B-00C04F79EFBC}") = "NURBS", "NURBS\NURBS.csproj", "{AB5F53C7-7542-42D6-89EF-0601DD517B3A}"
EndProject
Project("{FAE04EC0-301F-11D3-BF4B-00C04F79EFBC}") = "GeoSolver", "GeoSolver\GeoSolver.csproj", "{D3C89EE6-B96F-4352-A7BE-390B0032DECF}"
EndProject
Project("{FAE04EC0-301F-11D3-BF4B-00C04F79EFBC}") = "Remeshing", "Remeshing\Remeshing.csproj", "{3F848699-8F58-415D-8A9E-9C7F432216D6}"
EndProject
Global
	GlobalSection(SolutionConfigurationPlatforms) = preSolution
		Debug|Any CPU = Debug|Any CPU
		Debug|x64 = Debug|x64
		Debug|x86 = Debug|x86
		Release|Any CPU = Release|Any CPU
		Release|x64 = Release|x64
		Release|x86 = Release|x86
	EndGlobalSection
	GlobalSection(ProjectConfigurationPlatforms) = postSolution
		{D43F524B-BA2A-4C23-9303-4EFC07F34A81}.Debug|Any CPU.ActiveCfg = Debug|Any CPU
		{D43F524B-BA2A-4C23-9303-4EFC07F34A81}.Debug|Any CPU.Build.0 = Debug|Any CPU
		{D43F524B-BA2A-4C23-9303-4EFC07F34A81}.Debug|x64.ActiveCfg = Debug|Any CPU
		{D43F524B-BA2A-4C23-9303-4EFC07F34A81}.Debug|x64.Build.0 = Debug|Any CPU
		{D43F524B-BA2A-4C23-9303-4EFC07F34A81}.Debug|x86.ActiveCfg = Debug|Any CPU
		{D43F524B-BA2A-4C23-9303-4EFC07F34A81}.Debug|x86.Build.0 = Debug|Any CPU
		{D43F524B-BA2A-4C23-9303-4EFC07F34A81}.Release|Any CPU.ActiveCfg = Release|Any CPU
		{D43F524B-BA2A-4C23-9303-4EFC07F34A81}.Release|Any CPU.Build.0 = Release|Any CPU
		{D43F524B-BA2A-4C23-9303-4EFC07F34A81}.Release|x64.ActiveCfg = Release|Any CPU
		{D43F524B-BA2A-4C23-9303-4EFC07F34A81}.Release|x64.Build.0 = Release|Any CPU
		{D43F524B-BA2A-4C23-9303-4EFC07F34A81}.Release|x86.ActiveCfg = Release|Any CPU
		{D43F524B-BA2A-4C23-9303-4EFC07F34A81}.Release|x86.Build.0 = Release|Any CPU
		{1536D896-0257-4439-BE86-A49846DE3685}.Debug|Any CPU.ActiveCfg = Debug|Any CPU
		{1536D896-0257-4439-BE86-A49846DE3685}.Debug|Any CPU.Build.0 = Debug|Any CPU
		{1536D896-0257-4439-BE86-A49846DE3685}.Debug|x64.ActiveCfg = Debug|Any CPU
		{1536D896-0257-4439-BE86-A49846DE3685}.Debug|x64.Build.0 = Debug|Any CPU
		{1536D896-0257-4439-BE86-A49846DE3685}.Debug|x86.ActiveCfg = Debug|Any CPU
		{1536D896-0257-4439-BE86-A49846DE3685}.Debug|x86.Build.0 = Debug|Any CPU
		{1536D896-0257-4439-BE86-A49846DE3685}.Release|Any CPU.ActiveCfg = Release|Any CPU
		{1536D896-0257-4439-BE86-A49846DE3685}.Release|Any CPU.Build.0 = Release|Any CPU
		{1536D896-0257-4439-BE86-A49846DE3685}.Release|x64.ActiveCfg = Release|Any CPU
		{1536D896-0257-4439-BE86-A49846DE3685}.Release|x64.Build.0 = Release|Any CPU
		{1536D896-0257-4439-BE86-A49846DE3685}.Release|x86.ActiveCfg = Release|Any CPU
		{1536D896-0257-4439-BE86-A49846DE3685}.Release|x86.Build.0 = Release|Any CPU
		{B8B08DE9-F834-456D-B089-39B3B2FDCB45}.Debug|Any CPU.ActiveCfg = Debug|Any CPU
		{B8B08DE9-F834-456D-B089-39B3B2FDCB45}.Debug|Any CPU.Build.0 = Debug|Any CPU
		{B8B08DE9-F834-456D-B089-39B3B2FDCB45}.Debug|x64.ActiveCfg = Debug|Any CPU
		{B8B08DE9-F834-456D-B089-39B3B2FDCB45}.Debug|x64.Build.0 = Debug|Any CPU
		{B8B08DE9-F834-456D-B089-39B3B2FDCB45}.Debug|x86.ActiveCfg = Debug|Any CPU
		{B8B08DE9-F834-456D-B089-39B3B2FDCB45}.Debug|x86.Build.0 = Debug|Any CPU
		{B8B08DE9-F834-456D-B089-39B3B2FDCB45}.Release|Any CPU.ActiveCfg = Release|Any CPU
		{B8B08DE9-F834-456D-B089-39B3B2FDCB45}.Release|Any CPU.Build.0 = Release|Any CPU
		{B8B08DE9-F834-456D-B089-39B3B2FDCB45}.Release|x64.ActiveCfg = Release|Any CPU
		{B8B08DE9-F834-456D-B089-39B3B2FDCB45}.Release|x64.Build.0 = Release|Any CPU
		{B8B08DE9-F834-456D-B089-39B3B2FDCB45}.Release|x86.ActiveCfg = Release|Any CPU
		{B8B08DE9-F834-456D-B089-39B3B2FDCB45}.Release|x86.Build.0 = Release|Any CPU
		{EBAB386B-A834-4C63-9804-74E84D5BADDD}.Debug|Any CPU.ActiveCfg = Debug|Any CPU
		{EBAB386B-A834-4C63-9804-74E84D5BADDD}.Debug|Any CPU.Build.0 = Debug|Any CPU
		{EBAB386B-A834-4C63-9804-74E84D5BADDD}.Debug|x64.ActiveCfg = Debug|Any CPU
		{EBAB386B-A834-4C63-9804-74E84D5BADDD}.Debug|x64.Build.0 = Debug|Any CPU
		{EBAB386B-A834-4C63-9804-74E84D5BADDD}.Debug|x86.ActiveCfg = Debug|Any CPU
		{EBAB386B-A834-4C63-9804-74E84D5BADDD}.Debug|x86.Build.0 = Debug|Any CPU
		{EBAB386B-A834-4C63-9804-74E84D5BADDD}.Release|Any CPU.ActiveCfg = Release|Any CPU
		{EBAB386B-A834-4C63-9804-74E84D5BADDD}.Release|Any CPU.Build.0 = Release|Any CPU
		{EBAB386B-A834-4C63-9804-74E84D5BADDD}.Release|x64.ActiveCfg = Release|Any CPU
		{EBAB386B-A834-4C63-9804-74E84D5BADDD}.Release|x64.Build.0 = Release|Any CPU
		{EBAB386B-A834-4C63-9804-74E84D5BADDD}.Release|x86.ActiveCfg = Release|Any CPU
		{EBAB386B-A834-4C63-9804-74E84D5BADDD}.Release|x86.Build.0 = Release|Any CPU
		{9A94395C-FBDF-43A4-9104-5DD1CC0F68DC}.Debug|Any CPU.ActiveCfg = Debug|Any CPU
		{9A94395C-FBDF-43A4-9104-5DD1CC0F68DC}.Debug|Any CPU.Build.0 = Debug|Any CPU
		{9A94395C-FBDF-43A4-9104-5DD1CC0F68DC}.Debug|x64.ActiveCfg = Debug|Any CPU
		{9A94395C-FBDF-43A4-9104-5DD1CC0F68DC}.Debug|x64.Build.0 = Debug|Any CPU
		{9A94395C-FBDF-43A4-9104-5DD1CC0F68DC}.Debug|x86.ActiveCfg = Debug|Any CPU
		{9A94395C-FBDF-43A4-9104-5DD1CC0F68DC}.Debug|x86.Build.0 = Debug|Any CPU
		{9A94395C-FBDF-43A4-9104-5DD1CC0F68DC}.Release|Any CPU.ActiveCfg = Release|Any CPU
		{9A94395C-FBDF-43A4-9104-5DD1CC0F68DC}.Release|Any CPU.Build.0 = Release|Any CPU
		{9A94395C-FBDF-43A4-9104-5DD1CC0F68DC}.Release|x64.ActiveCfg = Release|Any CPU
		{9A94395C-FBDF-43A4-9104-5DD1CC0F68DC}.Release|x64.Build.0 = Release|Any CPU
		{9A94395C-FBDF-43A4-9104-5DD1CC0F68DC}.Release|x86.ActiveCfg = Release|Any CPU
		{9A94395C-FBDF-43A4-9104-5DD1CC0F68DC}.Release|x86.Build.0 = Release|Any CPU
		{F0271EB8-8AE3-42BB-9AF9-82091E5586F6}.Debug|Any CPU.ActiveCfg = Debug|Any CPU
		{F0271EB8-8AE3-42BB-9AF9-82091E5586F6}.Debug|Any CPU.Build.0 = Debug|Any CPU
		{F0271EB8-8AE3-42BB-9AF9-82091E5586F6}.Debug|x64.ActiveCfg = Debug|Any CPU
		{F0271EB8-8AE3-42BB-9AF9-82091E5586F6}.Debug|x64.Build.0 = Debug|Any CPU
		{F0271EB8-8AE3-42BB-9AF9-82091E5586F6}.Debug|x86.ActiveCfg = Debug|Any CPU
		{F0271EB8-8AE3-42BB-9AF9-82091E5586F6}.Debug|x86.Build.0 = Debug|Any CPU
		{F0271EB8-8AE3-42BB-9AF9-82091E5586F6}.Release|Any CPU.ActiveCfg = Release|Any CPU
		{F0271EB8-8AE3-42BB-9AF9-82091E5586F6}.Release|Any CPU.Build.0 = Release|Any CPU
		{F0271EB8-8AE3-42BB-9AF9-82091E5586F6}.Release|x64.ActiveCfg = Release|Any CPU
		{F0271EB8-8AE3-42BB-9AF9-82091E5586F6}.Release|x64.Build.0 = Release|Any CPU
		{F0271EB8-8AE3-42BB-9AF9-82091E5586F6}.Release|x86.ActiveCfg = Release|Any CPU
		{F0271EB8-8AE3-42BB-9AF9-82091E5586F6}.Release|x86.Build.0 = Release|Any CPU
		{FC521524-4D5A-4FEB-8C7C-7291FD2EB785}.Debug|Any CPU.ActiveCfg = Debug|Any CPU
		{FC521524-4D5A-4FEB-8C7C-7291FD2EB785}.Debug|Any CPU.Build.0 = Debug|Any CPU
		{FC521524-4D5A-4FEB-8C7C-7291FD2EB785}.Debug|x64.ActiveCfg = Debug|Any CPU
		{FC521524-4D5A-4FEB-8C7C-7291FD2EB785}.Debug|x64.Build.0 = Debug|Any CPU
		{FC521524-4D5A-4FEB-8C7C-7291FD2EB785}.Debug|x86.ActiveCfg = Debug|Any CPU
		{FC521524-4D5A-4FEB-8C7C-7291FD2EB785}.Debug|x86.Build.0 = Debug|Any CPU
		{FC521524-4D5A-4FEB-8C7C-7291FD2EB785}.Release|Any CPU.ActiveCfg = Release|Any CPU
		{FC521524-4D5A-4FEB-8C7C-7291FD2EB785}.Release|Any CPU.Build.0 = Release|Any CPU
		{FC521524-4D5A-4FEB-8C7C-7291FD2EB785}.Release|x64.ActiveCfg = Release|Any CPU
		{FC521524-4D5A-4FEB-8C7C-7291FD2EB785}.Release|x64.Build.0 = Release|Any CPU
		{FC521524-4D5A-4FEB-8C7C-7291FD2EB785}.Release|x86.ActiveCfg = Release|Any CPU
		{FC521524-4D5A-4FEB-8C7C-7291FD2EB785}.Release|x86.Build.0 = Release|Any CPU
		{5F44309D-C78B-46E7-80E1-4B077A01A2FB}.Debug|Any CPU.ActiveCfg = Debug|Any CPU
		{5F44309D-C78B-46E7-80E1-4B077A01A2FB}.Debug|Any CPU.Build.0 = Debug|Any CPU
		{5F44309D-C78B-46E7-80E1-4B077A01A2FB}.Debug|x64.ActiveCfg = Debug|Any CPU
		{5F44309D-C78B-46E7-80E1-4B077A01A2FB}.Debug|x64.Build.0 = Debug|Any CPU
		{5F44309D-C78B-46E7-80E1-4B077A01A2FB}.Debug|x86.ActiveCfg = Debug|Any CPU
		{5F44309D-C78B-46E7-80E1-4B077A01A2FB}.Debug|x86.Build.0 = Debug|Any CPU
		{5F44309D-C78B-46E7-80E1-4B077A01A2FB}.Release|Any CPU.ActiveCfg = Release|Any CPU
		{5F44309D-C78B-46E7-80E1-4B077A01A2FB}.Release|Any CPU.Build.0 = Release|Any CPU
		{5F44309D-C78B-46E7-80E1-4B077A01A2FB}.Release|x64.ActiveCfg = Release|Any CPU
		{5F44309D-C78B-46E7-80E1-4B077A01A2FB}.Release|x64.Build.0 = Release|Any CPU
		{5F44309D-C78B-46E7-80E1-4B077A01A2FB}.Release|x86.ActiveCfg = Release|Any CPU
		{5F44309D-C78B-46E7-80E1-4B077A01A2FB}.Release|x86.Build.0 = Release|Any CPU
		{AB5F53C7-7542-42D6-89EF-0601DD517B3A}.Debug|Any CPU.ActiveCfg = Debug|Any CPU
		{AB5F53C7-7542-42D6-89EF-0601DD517B3A}.Debug|Any CPU.Build.0 = Debug|Any CPU
		{AB5F53C7-7542-42D6-89EF-0601DD517B3A}.Debug|x64.ActiveCfg = Debug|Any CPU
		{AB5F53C7-7542-42D6-89EF-0601DD517B3A}.Debug|x64.Build.0 = Debug|Any CPU
		{AB5F53C7-7542-42D6-89EF-0601DD517B3A}.Debug|x86.ActiveCfg = Debug|Any CPU
		{AB5F53C7-7542-42D6-89EF-0601DD517B3A}.Debug|x86.Build.0 = Debug|Any CPU
		{AB5F53C7-7542-42D6-89EF-0601DD517B3A}.Release|Any CPU.ActiveCfg = Release|Any CPU
		{AB5F53C7-7542-42D6-89EF-0601DD517B3A}.Release|Any CPU.Build.0 = Release|Any CPU
		{AB5F53C7-7542-42D6-89EF-0601DD517B3A}.Release|x64.ActiveCfg = Release|Any CPU
		{AB5F53C7-7542-42D6-89EF-0601DD517B3A}.Release|x64.Build.0 = Release|Any CPU
		{AB5F53C7-7542-42D6-89EF-0601DD517B3A}.Release|x86.ActiveCfg = Release|Any CPU
		{AB5F53C7-7542-42D6-89EF-0601DD517B3A}.Release|x86.Build.0 = Release|Any CPU
		{D3C89EE6-B96F-4352-A7BE-390B0032DECF}.Debug|Any CPU.ActiveCfg = Debug|Any CPU
		{D3C89EE6-B96F-4352-A7BE-390B0032DECF}.Debug|Any CPU.Build.0 = Debug|Any CPU
		{D3C89EE6-B96F-4352-A7BE-390B0032DECF}.Debug|x64.ActiveCfg = Debug|Any CPU
		{D3C89EE6-B96F-4352-A7BE-390B0032DECF}.Debug|x64.Build.0 = Debug|Any CPU
		{D3C89EE6-B96F-4352-A7BE-390B0032DECF}.Debug|x86.ActiveCfg = Debug|Any CPU
		{D3C89EE6-B96F-4352-A7BE-390B0032DECF}.Debug|x86.Build.0 = Debug|Any CPU
		{D3C89EE6-B96F-4352-A7BE-390B0032DECF}.Release|Any CPU.ActiveCfg = Release|Any CPU
		{D3C89EE6-B96F-4352-A7BE-390B0032DECF}.Release|Any CPU.Build.0 = Release|Any CPU
		{D3C89EE6-B96F-4352-A7BE-390B0032DECF}.Release|x64.ActiveCfg = Release|Any CPU
		{D3C89EE6-B96F-4352-A7BE-390B0032DECF}.Release|x64.Build.0 = Release|Any CPU
		{D3C89EE6-B96F-4352-A7BE-390B0032DECF}.Release|x86.ActiveCfg = Release|Any CPU
		{D3C89EE6-B96F-4352-A7BE-390B0032DECF}.Release|x86.Build.0 = Release|Any CPU
		{3F848699-8F58-415D-8A9E-9C7F432216D6}.Debug|Any CPU.ActiveCfg = Debug|Any CPU
		{3F848699-8F58-415D-8A9E-9C7F432216D6}.Debug|Any CPU.Build.0 = Debug|Any CPU
		{3F848699-8F58-415D-8A9E-9C7F432216D6}.Debug|x64.ActiveCfg = Debug|Any CPU
		{3F848699-8F58-415D-8A9E-9C7F432216D6}.Debug|x64.Build.0 = Debug|Any CPU
		{3F848699-8F58-415D-8A9E-9C7F432216D6}.Debug|x86.ActiveCfg = Debug|Any CPU
		{3F848699-8F58-415D-8A9E-9C7F432216D6}.Debug|x86.Build.0 = Debug|Any CPU
		{3F848699-8F58-415D-8A9E-9C7F432216D6}.Release|Any CPU.ActiveCfg = Release|Any CPU
		{3F848699-8F58-415D-8A9E-9C7F432216D6}.Release|Any CPU.Build.0 = Release|Any CPU
		{3F848699-8F58-415D-8A9E-9C7F432216D6}.Release|x64.ActiveCfg = Release|Any CPU
		{3F848699-8F58-415D-8A9E-9C7F432216D6}.Release|x64.Build.0 = Release|Any CPU
		{3F848699-8F58-415D-8A9E-9C7F432216D6}.Release|x86.ActiveCfg = Release|Any CPU
		{3F848699-8F58-415D-8A9E-9C7F432216D6}.Release|x86.Build.0 = Release|Any CPU
	EndGlobalSection
	GlobalSection(SolutionProperties) = preSolution
		HideSolutionNode = FALSE
	EndGlobalSection
EndGlobal
